
Microsoft Visual Studio Solution File, Format Version 12.00
# Visual Studio Version 16
VisualStudioVersion = 16.0.30717.126
MinimumVisualStudioVersion = 10.0.40219.1
Project("{8BC9CEB8-8B4A-11D0-8D11-00A0C91BC942}") = "Demo_of_engine", "Demo_of_engine.vcxproj", "{49BD052E-2A35-4C97-A56B-4E66CD140C48}"
EndProject
Project("{8BC9CEB8-8B4A-11D0-8D11-00A0C91BC942}") = "Game VM", "Game VM\Game VM.vcxproj", "{00205145-6C6E-4E65-AB5A-6C9D56735CD3}"
EndProject
Global
	GlobalSection(SolutionConfigurationPlatforms) = preSolution
		Debug|x64 = Debug|x64
		Debug|x86 = Debug|x86
		Release|x64 = Release|x64
		Release|x86 = Release|x86
	EndGlobalSection
	GlobalSection(ProjectConfigurationPlatforms) = postSolution
		{49BD052E-2A35-4C97-A56B-4E66CD140C48}.Debug|x64.ActiveCfg = Debug|x64
		{49BD052E-2A35-4C97-A56B-4E66CD140C48}.Debug|x64.Build.0 = Debug|x64
		{49BD052E-2A35-4C97-A56B-4E66CD140C48}.Debug|x86.ActiveCfg = Debug|Win32
		{49BD052E-2A35-4C97-A56B-4E66CD140C48}.Debug|x86.Build.0 = Debug|Win32
		{49BD052E-2A35-4C97-A56B-4E66CD140C48}.Release|x64.ActiveCfg = Release|x64
		{49BD052E-2A35-4C97-A56B-4E66CD140C48}.Release|x64.Build.0 = Release|x64
		{49BD052E-2A35-4C97-A56B-4E66CD140C48}.Release|x86.ActiveCfg = Release|Win32
		{49BD052E-2A35-4C97-A56B-4E66CD140C48}.Release|x86.Build.0 = Release|Win32
		{00205145-6C6E-4E65-AB5A-6C9D56735CD3}.Debug|x64.ActiveCfg = Debug|x64
		{00205145-6C6E-4E65-AB5A-6C9D56735CD3}.Debug|x64.Build.0 = Debug|x64
		{00205145-6C6E-4E65-AB5A-6C9D56735CD3}.Debug|x86.ActiveCfg = Debug|Win32
		{00205145-6C6E-4E65-AB5A-6C9D56735CD3}.Debug|x86.Build.0 = Debug|Win32
		{00205145-6C6E-4E65-AB5A-6C9D56735CD3}.Release|x64.ActiveCfg = Release|x64
		{00205145-6C6E-4E65-AB5A-6C9D56735CD3}.Release|x64.Build.0 = Release|x64
		{00205145-6C6E-4E65-AB5A-6C9D56735CD3}.Release|x86.ActiveCfg = Release|Win32
		{00205145-6C6E-4E65-AB5A-6C9D56735CD3}.Release|x86.Build.0 = Release|Win32
	EndGlobalSection
	GlobalSection(SolutionProperties) = preSolution
		HideSolutionNode = FALSE
	EndGlobalSection
	GlobalSection(ExtensibilityGlobals) = postSolution
		SolutionGuid = {E3628260-D49E-4402-9416-435F8075F995}
	EndGlobalSection
EndGlobal
